
Microsoft Visual Studio Solution File, Format Version 12.00
# Visual Studio 15
VisualStudioVersion = 15.0.28010.2046
MinimumVisualStudioVersion = 10.0.40219.1
Project("{FAE04EC0-301F-11D3-BF4B-00C04F79EFBC}") = "2019Fireworks", "2019Fireworks\2019Fireworks.csproj", "{A30DFFB5-0B1F-46DF-9DC4-28B040665DF1}"
EndProject
Global
	GlobalSection(SolutionConfigurationPlatforms) = preSolution
		Debug|Any CPU = Debug|Any CPU
		Release|Any CPU = Release|Any CPU
	EndGlobalSection
	GlobalSection(ProjectConfigurationPlatforms) = postSolution
		{A30DFFB5-0B1F-46DF-9DC4-28B040665DF1}.Debug|Any CPU.ActiveCfg = Debug|Any CPU
		{A30DFFB5-0B1F-46DF-9DC4-28B040665DF1}.Debug|Any CPU.Build.0 = Debug|Any CPU
		{A30DFFB5-0B1F-46DF-9DC4-28B040665DF1}.Release|Any CPU.ActiveCfg = Release|Any CPU
		{A30DFFB5-0B1F-46DF-9DC4-28B040665DF1}.Release|Any CPU.Build.0 = Release|Any CPU
	EndGlobalSection
	GlobalSection(SolutionProperties) = preSolution
		HideSolutionNode = FALSE
	EndGlobalSection
	GlobalSection(ExtensibilityGlobals) = postSolution
		SolutionGuid = {4F318DC0-99D6-4A6A-B998-291204D9A1D9}
	EndGlobalSection
EndGlobal
